// !$*UTF8*$!
{
	archiveVersion = 1;
	classes = {
	};
	objectVersion = 46;
	objects = {

/* Begin PBXBuildFile section */
		07882D681E47565D00DD1538 /* main.m in Sources */ = {isa = PBXBuildFile; fileRef = 07882D671E47565D00DD1538 /* main.m */; };
		07882D6B1E47565D00DD1538 /* AppDelegate.m in Sources */ = {isa = PBXBuildFile; fileRef = 07882D6A1E47565D00DD1538 /* AppDelegate.m */; };
		07882D6E1E47565D00DD1538 /* ViewController.m in Sources */ = {isa = PBXBuildFile; fileRef = 07882D6D1E47565D00DD1538 /* ViewController.m */; };
		07882D711E47565D00DD1538 /* Main.storyboard in Resources */ = {isa = PBXBuildFile; fileRef = 07882D6F1E47565D00DD1538 /* Main.storyboard */; };
		07882D731E47565D00DD1538 /* Assets.xcassets in Resources */ = {isa = PBXBuildFile; fileRef = 07882D721E47565D00DD1538 /* Assets.xcassets */; };
		07882D761E47565D00DD1538 /* LaunchScreen.storyboard in Resources */ = {isa = PBXBuildFile; fileRef = 07882D741E47565D00DD1538 /* LaunchScreen.storyboard */; };
		07882D811E47565D00DD1538 /* _01__RunLoop___Tests.m in Sources */ = {isa = PBXBuildFile; fileRef = 07882D801E47565D00DD1538 /* _01__RunLoop___Tests.m */; };
		07882D8C1E47565D00DD1538 /* _01__RunLoop___UITests.m in Sources */ = {isa = PBXBuildFile; fileRef = 07882D8B1E47565D00DD1538 /* _01__RunLoop___UITests.m */; };
/* End PBXBuildFile section */

/* Begin PBXContainerItemProxy section */
		07882D7D1E47565D00DD1538 /* PBXContainerItemProxy */ = {
			isa = PBXContainerItemProxy;
			containerPortal = 07882D5B1E47565D00DD1538 /* Project object */;
			proxyType = 1;
			remoteGlobalIDString = 07882D621E47565D00DD1538;
			remoteInfo = "001--RunLoop初体验";
		};
		07882D881E47565D00DD1538 /* PBXContainerItemProxy */ = {
			isa = PBXContainerItemProxy;
			containerPortal = 07882D5B1E47565D00DD1538 /* Project object */;
			proxyType = 1;
			remoteGlobalIDString = 07882D621E47565D00DD1538;
			remoteInfo = "001--RunLoop初体验";
		};
/* End PBXContainerItemProxy section */

/* Begin PBXFileReference section */
		07882D631E47565D00DD1538 /* 001--RunLoop初体验.app */ = {isa = PBXFileReference; explicitFileType = wrapper.application; includeInIndex = 0; path = "001--RunLoop初体验.app"; sourceTree = BUILT_PRODUCTS_DIR; };
		07882D671E47565D00DD1538 /* main.m */ = {isa = PBXFileReference; lastKnownFileType = sourcecode.c.objc; path = main.m; sourceTree = "<group>"; };
		07882D691E47565D00DD1538 /* AppDelegate.h */ = {isa = PBXFileReference; lastKnownFileType = sourcecode.c.h; path = AppDelegate.h; sourceTree = "<group>"; };
		07882D6A1E47565D00DD1538 /* AppDelegate.m */ = {isa = PBXFileReference; lastKnownFileType = sourcecode.c.objc; path = AppDelegate.m; sourceTree = "<group>"; };
		07882D6C1E47565D00DD1538 /* ViewController.h */ = {isa = PBXFileReference; lastKnownFileType = sourcecode.c.h; path = ViewController.h; sourceTree = "<group>"; };
		07882D6D1E47565D00DD1538 /* ViewController.m */ = {isa = PBXFileReference; lastKnownFileType = sourcecode.c.objc; path = ViewController.m; sourceTree = "<group>"; };
		07882D701E47565D00DD1538 /* Base */ = {isa = PBXFileReference; lastKnownFileType = file.storyboard; name = Base; path = Base.lproj/Main.storyboard; sourceTree = "<group>"; };
		07882D721E47565D00DD1538 /* Assets.xcassets */ = {isa = PBXFileReference; lastKnownFileType = folder.assetcatalog; path = Assets.xcassets; sourceTree = "<group>"; };
		07882D751E47565D00DD1538 /* Base */ = {isa = PBXFileReference; lastKnownFileType = file.storyboard; name = Base; path = Base.lproj/LaunchScreen.storyboard; sourceTree = "<group>"; };
		07882D771E47565D00DD1538 /* Info.plist */ = {isa = PBXFileReference; lastKnownFileType = text.plist.xml; path = Info.plist; sourceTree = "<group>"; };
		07882D7C1E47565D00DD1538 /* 001--RunLoop初体验Tests.xctest */ = {isa = PBXFileReference; explicitFileType = wrapper.cfbundle; includeInIndex = 0; path = "001--RunLoop初体验Tests.xctest"; sourceTree = BUILT_PRODUCTS_DIR; };
		07882D801E47565D00DD1538 /* _01__RunLoop___Tests.m */ = {isa = PBXFileReference; lastKnownFileType = sourcecode.c.objc; path = "_01__RunLoop___Tests.m"; sourceTree = "<group>"; };
		07882D821E47565D00DD1538 /* Info.plist */ = {isa = PBXFileReference; lastKnownFileType = text.plist.xml; path = Info.plist; sourceTree = "<group>"; };
		07882D871E47565D00DD1538 /* 001--RunLoop初体验UITests.xctest */ = {isa = PBXFileReference; explicitFileType = wrapper.cfbundle; includeInIndex = 0; path = "001--RunLoop初体验UITests.xctest"; sourceTree = BUILT_PRODUCTS_DIR; };
		07882D8B1E47565D00DD1538 /* _01__RunLoop___UITests.m */ = {isa = PBXFileReference; lastKnownFileType = sourcecode.c.objc; path = "_01__RunLoop___UITests.m"; sourceTree = "<group>"; };
		07882D8D1E47565D00DD1538 /* Info.plist */ = {isa = PBXFileReference; lastKnownFileType = text.plist.xml; path = Info.plist; sourceTree = "<group>"; };
/* End PBXFileReference section */

/* Begin PBXFrameworksBuildPhase section */
		07882D601E47565D00DD1538 /* Frameworks */ = {
			isa = PBXFrameworksBuildPhase;
			buildActionMask = 2147483647;
			files = (
			);
			runOnlyForDeploymentPostprocessing = 0;
		};
		07882D791E47565D00DD1538 /* Frameworks */ = {
			isa = PBXFrameworksBuildPhase;
			buildActionMask = 2147483647;
			files = (
			);
			runOnlyForDeploymentPostprocessing = 0;
		};
		07882D841E47565D00DD1538 /* Frameworks */ = {
			isa = PBXFrameworksBuildPhase;
			buildActionMask = 2147483647;
			files = (
			);
			runOnlyForDeploymentPostprocessing = 0;
		};
/* End PBXFrameworksBuildPhase section */

/* Begin PBXGroup section */
		07882D5A1E47565D00DD1538 = {
			isa = PBXGroup;
			children = (
				07882D651E47565D00DD1538 /* 001--RunLoop初体验 */,
				07882D7F1E47565D00DD1538 /* 001--RunLoop初体验Tests */,
				07882D8A1E47565D00DD1538 /* 001--RunLoop初体验UITests */,
				07882D641E47565D00DD1538 /* Products */,
			);
			sourceTree = "<group>";
		};
		07882D641E47565D00DD1538 /* Products */ = {
			isa = PBXGroup;
			children = (
				07882D631E47565D00DD1538 /* 001--RunLoop初体验.app */,
				07882D7C1E47565D00DD1538 /* 001--RunLoop初体验Tests.xctest */,
				07882D871E47565D00DD1538 /* 001--RunLoop初体验UITests.xctest */,
			);
			name = Products;
			sourceTree = "<group>";
		};
		07882D651E47565D00DD1538 /* 001--RunLoop初体验 */ = {
			isa = PBXGroup;
			children = (
				07882D691E47565D00DD1538 /* AppDelegate.h */,
				07882D6A1E47565D00DD1538 /* AppDelegate.m */,
				07882D6C1E47565D00DD1538 /* ViewController.h */,
				07882D6D1E47565D00DD1538 /* ViewController.m */,
				07882D6F1E47565D00DD1538 /* Main.storyboard */,
				07882D721E47565D00DD1538 /* Assets.xcassets */,
				07882D741E47565D00DD1538 /* LaunchScreen.storyboard */,
				07882D771E47565D00DD1538 /* Info.plist */,
				07882D661E47565D00DD1538 /* Supporting Files */,
			);
			path = "001--RunLoop初体验";
			sourceTree = "<group>";
		};
		07882D661E47565D00DD1538 /* Supporting Files */ = {
			isa = PBXGroup;
			children = (
				07882D671E47565D00DD1538 /* main.m */,
			);
			name = "Supporting Files";
			sourceTree = "<group>";
		};
		07882D7F1E47565D00DD1538 /* 001--RunLoop初体验Tests */ = {
			isa = PBXGroup;
			children = (
				07882D801E47565D00DD1538 /* _01__RunLoop___Tests.m */,
				07882D821E47565D00DD1538 /* Info.plist */,
			);
			path = "001--RunLoop初体验Tests";
			sourceTree = "<group>";
		};
		07882D8A1E47565D00DD1538 /* 001--RunLoop初体验UITests */ = {
			isa = PBXGroup;
			children = (
				07882D8B1E47565D00DD1538 /* _01__RunLoop___UITests.m */,
				07882D8D1E47565D00DD1538 /* Info.plist */,
			);
			path = "001--RunLoop初体验UITests";
			sourceTree = "<group>";
		};
/* End PBXGroup section */

/* Begin PBXNativeTarget section */
		07882D621E47565D00DD1538 /* 001--RunLoop初体验 */ = {
			isa = PBXNativeTarget;
			buildConfigurationList = 07882D901E47565D00DD1538 /* Build configuration list for PBXNativeTarget "001--RunLoop初体验" */;
			buildPhases = (
				07882D5F1E47565D00DD1538 /* Sources */,
				07882D601E47565D00DD1538 /* Frameworks */,
				07882D611E47565D00DD1538 /* Resources */,
			);
			buildRules = (
			);
			dependencies = (
			);
			name = "001--RunLoop初体验";
			productName = "001--RunLoop初体验";
			productReference = 07882D631E47565D00DD1538 /* 001--RunLoop初体验.app */;
			productType = "com.apple.product-type.application";
		};
		07882D7B1E47565D00DD1538 /* 001--RunLoop初体验Tests */ = {
			isa = PBXNativeTarget;
			buildConfigurationList = 07882D931E47565D00DD1538 /* Build configuration list for PBXNativeTarget "001--RunLoop初体验Tests" */;
			buildPhases = (
				07882D781E47565D00DD1538 /* Sources */,
				07882D791E47565D00DD1538 /* Frameworks */,
				07882D7A1E47565D00DD1538 /* Resources */,
			);
			buildRules = (
			);
			dependencies = (
				07882D7E1E47565D00DD1538 /* PBXTargetDependency */,
			);
			name = "001--RunLoop初体验Tests";
			productName = "001--RunLoop初体验Tests";
			productReference = 07882D7C1E47565D00DD1538 /* 001--RunLoop初体验Tests.xctest */;
			productType = "com.apple.product-type.bundle.unit-test";
		};
		07882D861E47565D00DD1538 /* 001--RunLoop初体验UITests */ = {
			isa = PBXNativeTarget;
			buildConfigurationList = 07882D961E47565D00DD1538 /* Build configuration list for PBXNativeTarget "001--RunLoop初体验UITests" */;
			buildPhases = (
				07882D831E47565D00DD1538 /* Sources */,
				07882D841E47565D00DD1538 /* Frameworks */,
				07882D851E47565D00DD1538 /* Resources */,
			);
			buildRules = (
			);
			dependencies = (
				07882D891E47565D00DD1538 /* PBXTargetDependency */,
			);
			name = "001--RunLoop初体验UITests";
			productName = "001--RunLoop初体验UITests";
			productReference = 07882D871E47565D00DD1538 /* 001--RunLoop初体验UITests.xctest */;
			productType = "com.apple.product-type.bundle.ui-testing";
		};
/* End PBXNativeTarget section */

/* Begin PBXProject section */
		07882D5B1E47565D00DD1538 /* Project object */ = {
			isa = PBXProject;
			attributes = {
				LastUpgradeCheck = 0810;
				ORGANIZATIONNAME = TZ;
				TargetAttributes = {
					07882D621E47565D00DD1538 = {
						CreatedOnToolsVersion = 8.1;
						ProvisioningStyle = Automatic;
					};
					07882D7B1E47565D00DD1538 = {
						CreatedOnToolsVersion = 8.1;
						ProvisioningStyle = Automatic;
						TestTargetID = 07882D621E47565D00DD1538;
					};
					07882D861E47565D00DD1538 = {
						CreatedOnToolsVersion = 8.1;
						ProvisioningStyle = Automatic;
						TestTargetID = 07882D621E47565D00DD1538;
					};
				};
			};
			buildConfigurationList = 07882D5E1E47565D00DD1538 /* Build configuration list for PBXProject "001--RunLoop初体验" */;
			compatibilityVersion = "Xcode 3.2";
			developmentRegion = English;
			hasScannedForEncodings = 0;
			knownRegions = (
				en,
				Base,
			);
			mainGroup = 07882D5A1E47565D00DD1538;
			productRefGroup = 07882D641E47565D00DD1538 /* Products */;
			projectDirPath = "";
			projectRoot = "";
			targets = (
				07882D621E47565D00DD1538 /* 001--RunLoop初体验 */,
				07882D7B1E47565D00DD1538 /* 001--RunLoop初体验Tests */,
				07882D861E47565D00DD1538 /* 001--RunLoop初体验UITests */,
			);
		};
/* End PBXProject section */

/* Begin PBXResourcesBuildPhase section */
		07882D611E47565D00DD1538 /* Resources */ = {
			isa = PBXResourcesBuildPhase;
			buildActionMask = 2147483647;
			files = (
				07882D761E47565D00DD1538 /* LaunchScreen.storyboard in Resources */,
				07882D731E47565D00DD1538 /* Assets.xcassets in Resources */,
				07882D711E47565D00DD1538 /* Main.storyboard in Resources */,
			);
			runOnlyForDeploymentPostprocessing = 0;
		};
		07882D7A1E47565D00DD1538 /* Resources */ = {
			isa = PBXResourcesBuildPhase;
			buildActionMask = 2147483647;
			files = (
			);
			runOnlyForDeploymentPostprocessing = 0;
		};
		07882D851E47565D00DD1538 /* Resources */ = {
			isa = PBXResourcesBuildPhase;
			buildActionMask = 2147483647;
			files = (
			);
			runOnlyForDeploymentPostprocessing = 0;
		};
/* End PBXResourcesBuildPhase section */

/* Begin PBXSourcesBuildPhase section */
		07882D5F1E47565D00DD1538 /* Sources */ = {
			isa = PBXSourcesBuildPhase;
			buildActionMask = 2147483647;
			files = (
				07882D6E1E47565D00DD1538 /* ViewController.m in Sources */,
				07882D6B1E47565D00DD1538 /* AppDelegate.m in Sources */,
				07882D681E47565D00DD1538 /* main.m in Sources */,
			);
			runOnlyForDeploymentPostprocessing = 0;
		};
		07882D781E47565D00DD1538 /* Sources */ = {
			isa = PBXSourcesBuildPhase;
			buildActionMask = 2147483647;
			files = (
				07882D811E47565D00DD1538 /* _01__RunLoop___Tests.m in Sources */,
			);
			runOnlyForDeploymentPostprocessing = 0;
		};
		07882D831E47565D00DD1538 /* Sources */ = {
			isa = PBXSourcesBuildPhase;
			buildActionMask = 2147483647;
			files = (
				07882D8C1E47565D00DD1538 /* _01__RunLoop___UITests.m in Sources */,
			);
			runOnlyForDeploymentPostprocessing = 0;
		};
/* End PBXSourcesBuildPhase section */

/* Begin PBXTargetDependency section */
		07882D7E1E47565D00DD1538 /* PBXTargetDependency */ = {
			isa = PBXTargetDependency;
			target = 07882D621E47565D00DD1538 /* 001--RunLoop初体验 */;
			targetProxy = 07882D7D1E47565D00DD1538 /* PBXContainerItemProxy */;
		};
		07882D891E47565D00DD1538 /* PBXTargetDependency */ = {
			isa = PBXTargetDependency;
			target = 07882D621E47565D00DD1538 /* 001--RunLoop初体验 */;
			targetProxy = 07882D881E47565D00DD1538 /* PBXContainerItemProxy */;
		};
/* End PBXTargetDependency section */

/* Begin PBXVariantGroup section */
		07882D6F1E47565D00DD1538 /* Main.storyboard */ = {
			isa = PBXVariantGroup;
			children = (
				07882D701E47565D00DD1538 /* Base */,
			);
			name = Main.storyboard;
			sourceTree = "<group>";
		};
		07882D741E47565D00DD1538 /* LaunchScreen.storyboard */ = {
			isa = PBXVariantGroup;
			children = (
				07882D751E47565D00DD1538 /* Base */,
			);
			name = LaunchScreen.storyboard;
			sourceTree = "<group>";
		};
/* End PBXVariantGroup section */

/* Begin XCBuildConfiguration section */
		07882D8E1E47565D00DD1538 /* Debug */ = {
			isa = XCBuildConfiguration;
			buildSettings = {
				ALWAYS_SEARCH_USER_PATHS = NO;
				CLANG_ANALYZER_NONNULL = YES;
				CLANG_CXX_LANGUAGE_STANDARD = "gnu++0x";
				CLANG_CXX_LIBRARY = "libc++";
				CLANG_ENABLE_MODULES = YES;
				CLANG_ENABLE_OBJC_ARC = YES;
				CLANG_WARN_BOOL_CONVERSION = YES;
				CLANG_WARN_CONSTANT_CONVERSION = YES;
				CLANG_WARN_DIRECT_OBJC_ISA_USAGE = YES_ERROR;
				CLANG_WARN_DOCUMENTATION_COMMENTS = YES;
				CLANG_WARN_EMPTY_BODY = YES;
				CLANG_WARN_ENUM_CONVERSION = YES;
				CLANG_WARN_INFINITE_RECURSION = YES;
				CLANG_WARN_INT_CONVERSION = YES;
				CLANG_WARN_OBJC_ROOT_CLASS = YES_ERROR;
				CLANG_WARN_SUSPICIOUS_MOVES = YES;
				CLANG_WARN_UNREACHABLE_CODE = YES;
				CLANG_WARN__DUPLICATE_METHOD_MATCH = YES;
				"CODE_SIGN_IDENTITY[sdk=iphoneos*]" = "iPhone Developer";
				COPY_PHASE_STRIP = NO;
				DEBUG_INFORMATION_FORMAT = dwarf;
				ENABLE_STRICT_OBJC_MSGSEND = YES;
				ENABLE_TESTABILITY = YES;
				GCC_C_LANGUAGE_STANDARD = gnu99;
				GCC_DYNAMIC_NO_PIC = NO;
				GCC_NO_COMMON_BLOCKS = YES;
				GCC_OPTIMIZATION_LEVEL = 0;
				GCC_PREPROCESSOR_DEFINITIONS = (
					"DEBUG=1",
					"$(inherited)",
				);
				GCC_WARN_64_TO_32_BIT_CONVERSION = YES;
				GCC_WARN_ABOUT_RETURN_TYPE = YES_ERROR;
				GCC_WARN_UNDECLARED_SELECTOR = YES;
				GCC_WARN_UNINITIALIZED_AUTOS = YES_AGGRESSIVE;
				GCC_WARN_UNUSED_FUNCTION = YES;
				GCC_WARN_UNUSED_VARIABLE = YES;
				IPHONEOS_DEPLOYMENT_TARGET = 10.1;
				MTL_ENABLE_DEBUG_INFO = YES;
				ONLY_ACTIVE_ARCH = YES;
				SDKROOT = iphoneos;
				TARGETED_DEVICE_FAMILY = "1,2";
			};
			name = Debug;
		};
		07882D8F1E47565D00DD1538 /* Release */ = {
			isa = XCBuildConfiguration;
			buildSettings = {
				ALWAYS_SEARCH_USER_PATHS = NO;
				CLANG_ANALYZER_NONNULL = YES;
				CLANG_CXX_LANGUAGE_STANDARD = "gnu++0x";
				CLANG_CXX_LIBRARY = "libc++";
				CLANG_ENABLE_MODULES = YES;
				CLANG_ENABLE_OBJC_ARC = YES;
				CLANG_WARN_BOOL_CONVERSION = YES;
				CLANG_WARN_CONSTANT_CONVERSION = YES;
				CLANG_WARN_DIRECT_OBJC_ISA_USAGE = YES_ERROR;
				CLANG_WARN_DOCUMENTATION_COMMENTS = YES;
				CLANG_WARN_EMPTY_BODY = YES;
				CLANG_WARN_ENUM_CONVERSION = YES;
				CLANG_WARN_INFINITE_RECURSION = YES;
				CLANG_WARN_INT_CONVERSION = YES;
				CLANG_WARN_OBJC_ROOT_CLASS = YES_ERROR;
				CLANG_WARN_SUSPICIOUS_MOVES = YES;
				CLANG_WARN_UNREACHABLE_CODE = YES;
				CLANG_WARN__DUPLICATE_METHOD_MATCH = YES;
				"CODE_SIGN_IDENTITY[sdk=iphoneos*]" = "iPhone Developer";
				COPY_PHASE_STRIP = NO;
				DEBUG_INFORMATION_FORMAT = "dwarf-with-dsym";
				ENABLE_NS_ASSERTIONS = NO;
				ENABLE_STRICT_OBJC_MSGSEND = YES;
				GCC_C_LANGUAGE_STANDARD = gnu99;
				GCC_NO_COMMON_BLOCKS = YES;
				GCC_WARN_64_TO_32_BIT_CONVERSION = YES;
				GCC_WARN_ABOUT_RETURN_TYPE = YES_ERROR;
				GCC_WARN_UNDECLARED_SELECTOR = YES;
				GCC_WARN_UNINITIALIZED_AUTOS = YES_AGGRESSIVE;
				GCC_WARN_UNUSED_FUNCTION = YES;
				GCC_WARN_UNUSED_VARIABLE = YES;
				IPHONEOS_DEPLOYMENT_TARGET = 10.1;
				MTL_ENABLE_DEBUG_INFO = NO;
				SDKROOT = iphoneos;
				TARGETED_DEVICE_FAMILY = "1,2";
				VALIDATE_PRODUCT = YES;
			};
			name = Release;
		};
		07882D911E47565D00DD1538 /* Debug */ = {
			isa = XCBuildConfiguration;
			buildSettings = {
				ASSETCATALOG_COMPILER_APPICON_NAME = AppIcon;
				INFOPLIST_FILE = "001--RunLoop初体验/Info.plist";
				LD_RUNPATH_SEARCH_PATHS = "$(inherited) @executable_path/Frameworks";
				PRODUCT_BUNDLE_IDENTIFIER = "com.tanzhouedu.-01--RunLoop---";
				PRODUCT_NAME = "$(TARGET_NAME)";
			};
			name = Debug;
		};
		07882D921E47565D00DD1538 /* Release */ = {
			isa = XCBuildConfiguration;
			buildSettings = {
				ASSETCATALOG_COMPILER_APPICON_NAME = AppIcon;
				INFOPLIST_FILE = "001--RunLoop初体验/Info.plist";
				LD_RUNPATH_SEARCH_PATHS = "$(inherited) @executable_path/Frameworks";
				PRODUCT_BUNDLE_IDENTIFIER = "com.tanzhouedu.-01--RunLoop---";
				PRODUCT_NAME = "$(TARGET_NAME)";
			};
			name = Release;
		};
		07882D941E47565D00DD1538 /* Debug */ = {
			isa = XCBuildConfiguration;
			buildSettings = {
				BUNDLE_LOADER = "$(TEST_HOST)";
				INFOPLIST_FILE = "001--RunLoop初体验Tests/Info.plist";
				LD_RUNPATH_SEARCH_PATHS = "$(inherited) @executable_path/Frameworks @loader_path/Frameworks";
				PRODUCT_BUNDLE_IDENTIFIER = "com.tanzhouedu.-01--RunLoop---Tests";
				PRODUCT_NAME = "$(TARGET_NAME)";
				TEST_HOST = "$(BUILT_PRODUCTS_DIR)/001--RunLoop初体验.app/001--RunLoop初体验";
			};
			name = Debug;
		};
		07882D951E47565D00DD1538 /* Release */ = {
			isa = XCBuildConfiguration;
			buildSettings = {
				BUNDLE_LOADER = "$(TEST_HOST)";
				INFOPLIST_FILE = "001--RunLoop初体验Tests/Info.plist";
				LD_RUNPATH_SEARCH_PATHS = "$(inherited) @executable_path/Frameworks @loader_path/Frameworks";
				PRODUCT_BUNDLE_IDENTIFIER = "com.tanzhouedu.-01--RunLoop---Tests";
				PRODUCT_NAME = "$(TARGET_NAME)";
				TEST_HOST = "$(BUILT_PRODUCTS_DIR)/001--RunLoop初体验.app/001--RunLoop初体验";
			};
			name = Release;
		};
		07882D971E47565D00DD1538 /* Debug */ = {
			isa = XCBuildConfiguration;
			buildSettings = {
				INFOPLIST_FILE = "001--RunLoop初体验UITests/Info.plist";
				LD_RUNPATH_SEARCH_PATHS = "$(inherited) @executable_path/Frameworks @loader_path/Frameworks";
				PRODUCT_BUNDLE_IDENTIFIER = "com.tanzhouedu.-01--RunLoop---UITests";
				PRODUCT_NAME = "$(TARGET_NAME)";
				TEST_TARGET_NAME = "001--RunLoop初体验";
			};
			name = Debug;
		};
		07882D981E47565D00DD1538 /* Release */ = {
			isa = XCBuildConfiguration;
			buildSettings = {
				INFOPLIST_FILE = "001--RunLoop初体验UITests/Info.plist";
				LD_RUNPATH_SEARCH_PATHS = "$(inherited) @executable_path/Frameworks @loader_path/Frameworks";
				PRODUCT_BUNDLE_IDENTIFIER = "com.tanzhouedu.-01--RunLoop---UITests";
				PRODUCT_NAME = "$(TARGET_NAME)";
				TEST_TARGET_NAME = "001--RunLoop初体验";
			};
			name = Release;
		};
/* End XCBuildConfiguration section */

/* Begin XCConfigurationList section */
		07882D5E1E47565D00DD1538 /* Build configuration list for PBXProject "001--RunLoop初体验" */ = {
			isa = XCConfigurationList;
			buildConfigurations = (
				07882D8E1E47565D00DD1538 /* Debug */,
				07882D8F1E47565D00DD1538 /* Release */,
			);
			defaultConfigurationIsVisible = 0;
			defaultConfigurationName = Release;
		};
		07882D901E47565D00DD1538 /* Build configuration list for PBXNativeTarget "001--RunLoop初体验" */ = {
			isa = XCConfigurationList;
			buildConfigurations = (
				07882D911E47565D00DD1538 /* Debug */,
				07882D921E47565D00DD1538 /* Release */,
			);
			defaultConfigurationIsVisible = 0;
		};
		07882D931E47565D00DD1538 /* Build configuration list for PBXNativeTarget "001--RunLoop初体验Tests" */ = {
			isa = XCConfigurationList;
			buildConfigurations = (
				07882D941E47565D00DD1538 /* Debug */,
				07882D951E47565D00DD1538 /* Release */,
			);
			defaultConfigurationIsVisible = 0;
		};
		07882D961E47565D00DD1538 /* Build configuration list for PBXNativeTarget "001--RunLoop初体验UITests" */ = {
			isa = XCConfigurationList;
			buildConfigurations = (
				07882D971E47565D00DD1538 /* Debug */,
				07882D981E47565D00DD1538 /* Release */,
			);
			defaultConfigurationIsVisible = 0;
		};
/* End XCConfigurationList section */
	};
	rootObject = 07882D5B1E47565D00DD1538 /* Project object */;
}
